
Microsoft Visual Studio Solution File, Format Version 9.00
# Visual Studio 2005
Project("{F184B08F-C81C-45F6-A57F-5ABD9991F28F}") = "VB2005Sample", "VB2005Sample8.vbproj", "{48C0563D-F42F-487D-BD5D-E5CB10325871}"
EndProject
Global
	GlobalSection(SolutionConfigurationPlatforms) = preSolution
		Debug|Any CPU = Debug|Any CPU
		Release|Any CPU = Release|Any CPU
	EndGlobalSection
	GlobalSection(ProjectConfigurationPlatforms) = postSolution
		{48C0563D-F42F-487D-BD5D-E5CB10325871}.Debug|Any CPU.ActiveCfg = Debug|Any CPU
		{48C0563D-F42F-487D-BD5D-E5CB10325871}.Debug|Any CPU.Build.0 = Debug|Any CPU
		{48C0563D-F42F-487D-BD5D-E5CB10325871}.Release|Any CPU.ActiveCfg = Release|Any CPU
		{48C0563D-F42F-487D-BD5D-E5CB10325871}.Release|Any CPU.Build.0 = Release|Any CPU
	EndGlobalSection
	GlobalSection(SolutionProperties) = preSolution
		HideSolutionNode = FALSE
	EndGlobalSection
EndGlobal
